
Microsoft Visual Studio Solution File, Format Version 12.00
# Visual Studio Version 17
VisualStudioVersion = 17.9.34607.119
MinimumVisualStudioVersion = 10.0.40219.1
Project("{FAE04EC0-301F-11D3-BF4B-00C04F79EFBC}") = "ArraySiniflari", "ArraySiniflari\ArraySiniflari.csproj", "{BF4BEB76-83EB-4988-BE6E-18C83D1D6BC6}"
EndProject
Global
	GlobalSection(SolutionConfigurationPlatforms) = preSolution
		Debug|Any CPU = Debug|Any CPU
		Release|Any CPU = Release|Any CPU
	EndGlobalSection
	GlobalSection(ProjectConfigurationPlatforms) = postSolution
		{BF4BEB76-83EB-4988-BE6E-18C83D1D6BC6}.Debug|Any CPU.ActiveCfg = Debug|Any CPU
		{BF4BEB76-83EB-4988-BE6E-18C83D1D6BC6}.Debug|Any CPU.Build.0 = Debug|Any CPU
		{BF4BEB76-83EB-4988-BE6E-18C83D1D6BC6}.Release|Any CPU.ActiveCfg = Release|Any CPU
		{BF4BEB76-83EB-4988-BE6E-18C83D1D6BC6}.Release|Any CPU.Build.0 = Release|Any CPU
	EndGlobalSection
	GlobalSection(SolutionProperties) = preSolution
		HideSolutionNode = FALSE
	EndGlobalSection
	GlobalSection(ExtensibilityGlobals) = postSolution
		SolutionGuid = {6041C331-55C8-4C33-B412-93A689C69824}
	EndGlobalSection
EndGlobal
