
Microsoft Visual Studio Solution File, Format Version 12.00
# Visual Studio Version 17
VisualStudioVersion = 17.9.34607.119
MinimumVisualStudioVersion = 10.0.40219.1
Project("{FAE04EC0-301F-11D3-BF4B-00C04F79EFBC}") = "EnvironmentExample", "EnvironmentExample\EnvironmentExample.csproj", "{223E2DC0-B1D0-4D4B-BC9C-06788EB915C3}"
EndProject
Global
	GlobalSection(SolutionConfigurationPlatforms) = preSolution
		Debug|Any CPU = Debug|Any CPU
		Release|Any CPU = Release|Any CPU
	EndGlobalSection
	GlobalSection(ProjectConfigurationPlatforms) = postSolution
		{223E2DC0-B1D0-4D4B-BC9C-06788EB915C3}.Debug|Any CPU.ActiveCfg = Debug|Any CPU
		{223E2DC0-B1D0-4D4B-BC9C-06788EB915C3}.Debug|Any CPU.Build.0 = Debug|Any CPU
		{223E2DC0-B1D0-4D4B-BC9C-06788EB915C3}.Release|Any CPU.ActiveCfg = Release|Any CPU
		{223E2DC0-B1D0-4D4B-BC9C-06788EB915C3}.Release|Any CPU.Build.0 = Release|Any CPU
	EndGlobalSection
	GlobalSection(SolutionProperties) = preSolution
		HideSolutionNode = FALSE
	EndGlobalSection
	GlobalSection(ExtensibilityGlobals) = postSolution
		SolutionGuid = {890E7157-9015-4C61-9CDE-5D2DBAD6B227}
	EndGlobalSection
EndGlobal
