
Microsoft Visual Studio Solution File, Format Version 12.00
# Visual Studio Version 17
VisualStudioVersion = 17.9.34607.119
MinimumVisualStudioVersion = 10.0.40219.1
Project("{FAE04EC0-301F-11D3-BF4B-00C04F79EFBC}") = "ForEach", "ForEach\ForEach.csproj", "{27D7D01B-626E-4F01-82FE-BCC83208FC06}"
EndProject
Global
	GlobalSection(SolutionConfigurationPlatforms) = preSolution
		Debug|Any CPU = Debug|Any CPU
		Release|Any CPU = Release|Any CPU
	EndGlobalSection
	GlobalSection(ProjectConfigurationPlatforms) = postSolution
		{27D7D01B-626E-4F01-82FE-BCC83208FC06}.Debug|Any CPU.ActiveCfg = Debug|Any CPU
		{27D7D01B-626E-4F01-82FE-BCC83208FC06}.Debug|Any CPU.Build.0 = Debug|Any CPU
		{27D7D01B-626E-4F01-82FE-BCC83208FC06}.Release|Any CPU.ActiveCfg = Release|Any CPU
		{27D7D01B-626E-4F01-82FE-BCC83208FC06}.Release|Any CPU.Build.0 = Release|Any CPU
	EndGlobalSection
	GlobalSection(SolutionProperties) = preSolution
		HideSolutionNode = FALSE
	EndGlobalSection
	GlobalSection(ExtensibilityGlobals) = postSolution
		SolutionGuid = {F3B02B49-F7CD-459F-A0E3-CB2EF97DEC97}
	EndGlobalSection
EndGlobal
