
Microsoft Visual Studio Solution File, Format Version 12.00
# Visual Studio Version 17
VisualStudioVersion = 17.9.34607.119
MinimumVisualStudioVersion = 10.0.40219.1
Project("{FAE04EC0-301F-11D3-BF4B-00C04F79EFBC}") = "GenericClass", "GenericClass\GenericClass.csproj", "{DD951F3B-8BC5-4898-84BC-BBAD10C65E17}"
EndProject
Global
	GlobalSection(SolutionConfigurationPlatforms) = preSolution
		Debug|Any CPU = Debug|Any CPU
		Release|Any CPU = Release|Any CPU
	EndGlobalSection
	GlobalSection(ProjectConfigurationPlatforms) = postSolution
		{DD951F3B-8BC5-4898-84BC-BBAD10C65E17}.Debug|Any CPU.ActiveCfg = Debug|Any CPU
		{DD951F3B-8BC5-4898-84BC-BBAD10C65E17}.Debug|Any CPU.Build.0 = Debug|Any CPU
		{DD951F3B-8BC5-4898-84BC-BBAD10C65E17}.Release|Any CPU.ActiveCfg = Release|Any CPU
		{DD951F3B-8BC5-4898-84BC-BBAD10C65E17}.Release|Any CPU.Build.0 = Release|Any CPU
	EndGlobalSection
	GlobalSection(SolutionProperties) = preSolution
		HideSolutionNode = FALSE
	EndGlobalSection
	GlobalSection(ExtensibilityGlobals) = postSolution
		SolutionGuid = {28F683AC-44CF-44AD-BD4C-E38AF3C66CA0}
	EndGlobalSection
EndGlobal
