
Microsoft Visual Studio Solution File, Format Version 12.00
# Visual Studio Version 17
VisualStudioVersion = 17.9.34607.119
MinimumVisualStudioVersion = 10.0.40219.1
Project("{FAE04EC0-301F-11D3-BF4B-00C04F79EFBC}") = "Indexer", "Indexer\Indexer.csproj", "{048BBCF2-E50B-4773-BBF4-3D07F017791B}"
EndProject
Global
	GlobalSection(SolutionConfigurationPlatforms) = preSolution
		Debug|Any CPU = Debug|Any CPU
		Release|Any CPU = Release|Any CPU
	EndGlobalSection
	GlobalSection(ProjectConfigurationPlatforms) = postSolution
		{048BBCF2-E50B-4773-BBF4-3D07F017791B}.Debug|Any CPU.ActiveCfg = Debug|Any CPU
		{048BBCF2-E50B-4773-BBF4-3D07F017791B}.Debug|Any CPU.Build.0 = Debug|Any CPU
		{048BBCF2-E50B-4773-BBF4-3D07F017791B}.Release|Any CPU.ActiveCfg = Release|Any CPU
		{048BBCF2-E50B-4773-BBF4-3D07F017791B}.Release|Any CPU.Build.0 = Release|Any CPU
	EndGlobalSection
	GlobalSection(SolutionProperties) = preSolution
		HideSolutionNode = FALSE
	EndGlobalSection
	GlobalSection(ExtensibilityGlobals) = postSolution
		SolutionGuid = {AC817E85-A6D1-4A3D-AADF-F1AE7FC5AE9B}
	EndGlobalSection
EndGlobal
