
Microsoft Visual Studio Solution File, Format Version 12.00
# Visual Studio Version 17
VisualStudioVersion = 17.9.34607.119
MinimumVisualStudioVersion = 10.0.40219.1
Project("{FAE04EC0-301F-11D3-BF4B-00C04F79EFBC}") = "MiddlewareExample", "MiddlewareExample\MiddlewareExample.csproj", "{0D06546C-B08C-4D56-88DB-3C1E94304C07}"
EndProject
Global
	GlobalSection(SolutionConfigurationPlatforms) = preSolution
		Debug|Any CPU = Debug|Any CPU
		Release|Any CPU = Release|Any CPU
	EndGlobalSection
	GlobalSection(ProjectConfigurationPlatforms) = postSolution
		{0D06546C-B08C-4D56-88DB-3C1E94304C07}.Debug|Any CPU.ActiveCfg = Debug|Any CPU
		{0D06546C-B08C-4D56-88DB-3C1E94304C07}.Debug|Any CPU.Build.0 = Debug|Any CPU
		{0D06546C-B08C-4D56-88DB-3C1E94304C07}.Release|Any CPU.ActiveCfg = Release|Any CPU
		{0D06546C-B08C-4D56-88DB-3C1E94304C07}.Release|Any CPU.Build.0 = Release|Any CPU
	EndGlobalSection
	GlobalSection(SolutionProperties) = preSolution
		HideSolutionNode = FALSE
	EndGlobalSection
	GlobalSection(ExtensibilityGlobals) = postSolution
		SolutionGuid = {FAC12830-B7C7-4813-9EAF-FD3315D185A1}
	EndGlobalSection
EndGlobal
