
Microsoft Visual Studio Solution File, Format Version 12.00
# Visual Studio Version 17
VisualStudioVersion = 17.9.34607.119
MinimumVisualStudioVersion = 10.0.40219.1
Project("{FAE04EC0-301F-11D3-BF4B-00C04F79EFBC}") = "ModulerTasarimYapilanmasi", "ModulerTasarimYapilanmasi\ModulerTasarimYapilanmasi.csproj", "{57C3910E-B4BB-431E-A088-B19FB1255584}"
EndProject
Global
	GlobalSection(SolutionConfigurationPlatforms) = preSolution
		Debug|Any CPU = Debug|Any CPU
		Release|Any CPU = Release|Any CPU
	EndGlobalSection
	GlobalSection(ProjectConfigurationPlatforms) = postSolution
		{57C3910E-B4BB-431E-A088-B19FB1255584}.Debug|Any CPU.ActiveCfg = Debug|Any CPU
		{57C3910E-B4BB-431E-A088-B19FB1255584}.Debug|Any CPU.Build.0 = Debug|Any CPU
		{57C3910E-B4BB-431E-A088-B19FB1255584}.Release|Any CPU.ActiveCfg = Release|Any CPU
		{57C3910E-B4BB-431E-A088-B19FB1255584}.Release|Any CPU.Build.0 = Release|Any CPU
	EndGlobalSection
	GlobalSection(SolutionProperties) = preSolution
		HideSolutionNode = FALSE
	EndGlobalSection
	GlobalSection(ExtensibilityGlobals) = postSolution
		SolutionGuid = {1D283C7D-B662-44DC-873B-7AFA66AD3F1B}
	EndGlobalSection
EndGlobal
