
Microsoft Visual Studio Solution File, Format Version 12.00
# Visual Studio Version 17
VisualStudioVersion = 17.9.34607.119
MinimumVisualStudioVersion = 10.0.40219.1
Project("{9A19103F-16F7-4668-BE54-9A1E7A4F7556}") = "OrnekProje", "OrnekProje\OrnekProje.csproj", "{3CDB72A4-4AB4-43F4-B775-BA480837F0B5}"
EndProject
Global
	GlobalSection(SolutionConfigurationPlatforms) = preSolution
		Debug|Any CPU = Debug|Any CPU
		Release|Any CPU = Release|Any CPU
	EndGlobalSection
	GlobalSection(ProjectConfigurationPlatforms) = postSolution
		{3CDB72A4-4AB4-43F4-B775-BA480837F0B5}.Debug|Any CPU.ActiveCfg = Debug|Any CPU
		{3CDB72A4-4AB4-43F4-B775-BA480837F0B5}.Debug|Any CPU.Build.0 = Debug|Any CPU
		{3CDB72A4-4AB4-43F4-B775-BA480837F0B5}.Release|Any CPU.ActiveCfg = Release|Any CPU
		{3CDB72A4-4AB4-43F4-B775-BA480837F0B5}.Release|Any CPU.Build.0 = Release|Any CPU
	EndGlobalSection
	GlobalSection(SolutionProperties) = preSolution
		HideSolutionNode = FALSE
	EndGlobalSection
	GlobalSection(ExtensibilityGlobals) = postSolution
		SolutionGuid = {5F91E0D6-E1A3-4C78-894A-AB9DAF0A8C66}
	EndGlobalSection
EndGlobal
