
Microsoft Visual Studio Solution File, Format Version 12.00
# Visual Studio Version 17
VisualStudioVersion = 17.9.34607.119
MinimumVisualStudioVersion = 10.0.40219.1
Project("{FAE04EC0-301F-11D3-BF4B-00C04F79EFBC}") = "WebApplication1", "WebApplication1\WebApplication1.csproj", "{D36898D7-CDDA-4D73-9D28-70C16150874D}"
EndProject
Global
	GlobalSection(SolutionConfigurationPlatforms) = preSolution
		Debug|Any CPU = Debug|Any CPU
		Release|Any CPU = Release|Any CPU
	EndGlobalSection
	GlobalSection(ProjectConfigurationPlatforms) = postSolution
		{D36898D7-CDDA-4D73-9D28-70C16150874D}.Debug|Any CPU.ActiveCfg = Debug|Any CPU
		{D36898D7-CDDA-4D73-9D28-70C16150874D}.Debug|Any CPU.Build.0 = Debug|Any CPU
		{D36898D7-CDDA-4D73-9D28-70C16150874D}.Release|Any CPU.ActiveCfg = Release|Any CPU
		{D36898D7-CDDA-4D73-9D28-70C16150874D}.Release|Any CPU.Build.0 = Release|Any CPU
	EndGlobalSection
	GlobalSection(SolutionProperties) = preSolution
		HideSolutionNode = FALSE
	EndGlobalSection
	GlobalSection(ExtensibilityGlobals) = postSolution
		SolutionGuid = {25BB8A5B-8EAF-4F65-B58B-18CC977D5522}
	EndGlobalSection
EndGlobal
